
Microsoft Visual Studio Solution File, Format Version 12.00
# Visual Studio Version 17
VisualStudioVersion = 17.0.31416.335
MinimumVisualStudioVersion = 10.0.40219.1
Project("{FAE04EC0-301F-11D3-BF4B-00C04F79EFBC}") = "VsctCompletion2019", "src\VsctCompletion2019\VsctCompletion2019.csproj", "{6C9D0BB1-8B90-4C82-B637-D3A63649F475}"
EndProject
Project("{2150E333-8FDC-42A3-9474-1A3956D46DE8}") = "Solution Items", "Solution Items", "{124DE484-A067-4A30-A80F-7E062D9ED742}"
	ProjectSection(SolutionItems) = preProject
		.editorconfig = .editorconfig
		appveyor.yml = appveyor.yml
		README.md = README.md
	EndProjectSection
EndProject
Project("{D954291E-2A0B-460D-934E-DC6B0785DB48}") = "VsctCompletionShared", "src\VsctCompletionShared\VsctCompletionShared.shproj", "{E022858E-E475-44CE-8CDC-D673ED8D7F2C}"
EndProject
Project("{FAE04EC0-301F-11D3-BF4B-00C04F79EFBC}") = "VsctCompletion2022", "src\VsctCompletion2022\VsctCompletion2022.csproj", "{6C9D0BB1-8B90-4C82-B637-D3A63649F476}"
EndProject
Global
	GlobalSection(SharedMSBuildProjectFiles) = preSolution
		src\VsctCompletionShared\VsctCompletionShared.projitems*{6c9d0bb1-8b90-4c82-b637-d3a63649f475}*SharedItemsImports = 4
		src\VsctCompletionShared\VsctCompletionShared.projitems*{6c9d0bb1-8b90-4c82-b637-d3a63649f476}*SharedItemsImports = 4
		src\VsctCompletionShared\VsctCompletionShared.projitems*{e022858e-e475-44ce-8cdc-d673ed8d7f2c}*SharedItemsImports = 13
	EndGlobalSection
	GlobalSection(SolutionConfigurationPlatforms) = preSolution
		Debug|Any CPU = Debug|Any CPU
		Debug|x86 = Debug|x86
		Release|Any CPU = Release|Any CPU
		Release|x86 = Release|x86
	EndGlobalSection
	GlobalSection(ProjectConfigurationPlatforms) = postSolution
		{6C9D0BB1-8B90-4C82-B637-D3A63649F475}.Debug|Any CPU.ActiveCfg = Debug|Any CPU
		{6C9D0BB1-8B90-4C82-B637-D3A63649F475}.Debug|Any CPU.Build.0 = Debug|Any CPU
		{6C9D0BB1-8B90-4C82-B637-D3A63649F475}.Debug|x86.ActiveCfg = Debug|x86
		{6C9D0BB1-8B90-4C82-B637-D3A63649F475}.Debug|x86.Build.0 = Debug|x86
		{6C9D0BB1-8B90-4C82-B637-D3A63649F475}.Release|Any CPU.ActiveCfg = Release|Any CPU
		{6C9D0BB1-8B90-4C82-B637-D3A63649F475}.Release|Any CPU.Build.0 = Release|Any CPU
		{6C9D0BB1-8B90-4C82-B637-D3A63649F475}.Release|x86.ActiveCfg = Release|x86
		{6C9D0BB1-8B90-4C82-B637-D3A63649F475}.Release|x86.Build.0 = Release|x86
		{6C9D0BB1-8B90-4C82-B637-D3A63649F476}.Debug|Any CPU.ActiveCfg = Debug|Any CPU
		{6C9D0BB1-8B90-4C82-B637-D3A63649F476}.Debug|Any CPU.Build.0 = Debug|Any CPU
		{6C9D0BB1-8B90-4C82-B637-D3A63649F476}.Debug|x86.ActiveCfg = Debug|x86
		{6C9D0BB1-8B90-4C82-B637-D3A63649F476}.Debug|x86.Build.0 = Debug|x86
		{6C9D0BB1-8B90-4C82-B637-D3A63649F476}.Release|Any CPU.ActiveCfg = Release|Any CPU
		{6C9D0BB1-8B90-4C82-B637-D3A63649F476}.Release|Any CPU.Build.0 = Release|Any CPU
		{6C9D0BB1-8B90-4C82-B637-D3A63649F476}.Release|x86.ActiveCfg = Release|x86
		{6C9D0BB1-8B90-4C82-B637-D3A63649F476}.Release|x86.Build.0 = Release|x86
	EndGlobalSection
	GlobalSection(SolutionProperties) = preSolution
		HideSolutionNode = FALSE
	EndGlobalSection
	GlobalSection(ExtensibilityGlobals) = postSolution
		SolutionGuid = {486D4C84-88D9-463D-B57A-507DF6C06C44}
	EndGlobalSection
EndGlobal
