
Microsoft Visual Studio Solution File, Format Version 12.00
# Visual Studio Version 16
VisualStudioVersion = 16.0.28407.111
MinimumVisualStudioVersion = 10.0.40219.1
Project("{FAE04EC0-301F-11D3-BF4B-00C04F79EFBC}") = "VsctCompletion", "src\VsctCompletion.csproj", "{6C9D0BB1-8B90-4C82-B637-D3A63649F475}"
EndProject
Project("{2150E333-8FDC-42A3-9474-1A3956D46DE8}") = "Solution Items", "Solution Items", "{124DE484-A067-4A30-A80F-7E062D9ED742}"
	ProjectSection(SolutionItems) = preProject
		.editorconfig = .editorconfig
		appveyor.yml = appveyor.yml
		README.md = README.md
	EndProjectSection
EndProject
Global
	GlobalSection(SolutionConfigurationPlatforms) = preSolution
		Debug|Any CPU = Debug|Any CPU
		Release|Any CPU = Release|Any CPU
	EndGlobalSection
	GlobalSection(ProjectConfigurationPlatforms) = postSolution
		{6C9D0BB1-8B90-4C82-B637-D3A63649F475}.Debug|Any CPU.ActiveCfg = Debug|Any CPU
		{6C9D0BB1-8B90-4C82-B637-D3A63649F475}.Debug|Any CPU.Build.0 = Debug|Any CPU
		{6C9D0BB1-8B90-4C82-B637-D3A63649F475}.Release|Any CPU.ActiveCfg = Release|Any CPU
		{6C9D0BB1-8B90-4C82-B637-D3A63649F475}.Release|Any CPU.Build.0 = Release|Any CPU
	EndGlobalSection
	GlobalSection(SolutionProperties) = preSolution
		HideSolutionNode = FALSE
	EndGlobalSection
	GlobalSection(ExtensibilityGlobals) = postSolution
		SolutionGuid = {486D4C84-88D9-463D-B57A-507DF6C06C44}
	EndGlobalSection
EndGlobal
